// !$*UTF8*$!
{
	archiveVersion = 1;
	classes = {
	};
	objectVersion = 77;
	objects = {

/* Begin PBXBuildFile section */
		5F00000000000000000000B1 /* CoreNavigation in Frameworks */ = {isa = PBXBuildFile; productRef = 5F00000000000000000000C1 /* CoreNavigation */; };
		5F00000000000000000000B2 /* CoreNetworking in Frameworks */ = {isa = PBXBuildFile; productRef = 5F00000000000000000000C2 /* CoreNetworking */; };
		5F00000000000000000000B3 /* DesignSystem in Frameworks */ = {isa = PBXBuildFile; productRef = 5F00000000000000000000C3 /* DesignSystem */; };
		5F00000000000000000000B4 /* FeedInterface in Frameworks */ = {isa = PBXBuildFile; productRef = 5F00000000000000000000C4 /* FeedInterface */; };
		5F00000000000000000000B5 /* CoreModels in Frameworks */ = {isa = PBXBuildFile; productRef = 5F00000000000000000000C5 /* CoreModels */; };
		5F00000000000000000000B6 /* CoreContracts in Frameworks */ = {isa = PBXBuildFile; productRef = 5F00000000000000000000C6 /* CoreContracts */; };
		5F00000000000000000000B7 /* CoreStorage in Frameworks */ = {isa = PBXBuildFile; productRef = 5F00000000000000000000C7 /* CoreStorage */; };
		5F00000000000000000000B8 /* AuthInterface in Frameworks */ = {isa = PBXBuildFile; productRef = 5F00000000000000000000C8 /* AuthInterface */; };
		5F00000000000000000000B9 /* Auth in Frameworks */ = {isa = PBXBuildFile; productRef = 5F00000000000000000000C9 /* Auth */; };
		5F00000000000000000000BA /* CoreNetworkingMocks in Frameworks */ = {isa = PBXBuildFile; productRef = 5F00000000000000000000CA /* CoreNetworkingMocks */; };
		5F00000000000000000000BB /* CoreMedia in Frameworks */ = {isa = PBXBuildFile; productRef = 5F00000000000000000000CB /* CoreMedia */; };
		5F00000000000000000000BC /* Feed in Frameworks */ = {isa = PBXBuildFile; productRef = 5F00000000000000000000CC /* Feed */; };
		5F00000000000000000000BD /* CoreRealtime in Frameworks */ = {isa = PBXBuildFile; productRef = 5F00000000000000000000CD /* CoreRealtime */; };
		5F00000000000000000000BE /* CoreRealtimeMocks in Frameworks */ = {isa = PBXBuildFile; productRef = 5F00000000000000000000CE /* CoreRealtimeMocks */; };
		5F00000000000000000000BF /* UploadInterface in Frameworks */ = {isa = PBXBuildFile; productRef = 5F00000000000000000000CF /* UploadInterface */; };
		5F00000000000000000000D0 /* Upload in Frameworks */ = {isa = PBXBuildFile; productRef = 5F00000000000000000000D1 /* Upload */; };
		5F00000000000000000000E1 /* ProfileInterface in Frameworks */ = {isa = PBXBuildFile; productRef = 5F00000000000000000000E3 /* ProfileInterface */; };
		5F00000000000000000000E2 /* Profile in Frameworks */ = {isa = PBXBuildFile; productRef = 5F00000000000000000000E4 /* Profile */; };
/* End PBXBuildFile section */

/* Begin PBXFileReference section */
		51A1B7722FFBCAB6005918BC /* core-platform-ios.app */ = {isa = PBXFileReference; explicitFileType = wrapper.application; includeInIndex = 0; path = "core-platform-ios.app"; sourceTree = BUILT_PRODUCTS_DIR; };
/* End PBXFileReference section */

/* Begin PBXFileSystemSynchronizedBuildFileExceptionSet section */
		51A1B7842FFBCAB8005918BC /* Exceptions for "App" folder in "core-platform-ios" target */ = {
			isa = PBXFileSystemSynchronizedBuildFileExceptionSet;
			membershipExceptions = (
				Info.plist,
			);
			target = 51A1B7712FFBCAB6005918BC /* core-platform-ios */;
		};
/* End PBXFileSystemSynchronizedBuildFileExceptionSet section */

/* Begin PBXFileSystemSynchronizedRootGroup section */
		51A1B7742FFBCAB6005918BC /* App */ = {
			isa = PBXFileSystemSynchronizedRootGroup;
			exceptions = (
				51A1B7842FFBCAB8005918BC /* Exceptions for "App" folder in "core-platform-ios" target */,
			);
			path = App;
			sourceTree = "<group>";
		};
/* End PBXFileSystemSynchronizedRootGroup section */

/* Begin PBXFrameworksBuildPhase section */
		51A1B76F2FFBCAB6005918BC /* Frameworks */ = {
			isa = PBXFrameworksBuildPhase;
			buildActionMask = 2147483647;
			files = (
				5F00000000000000000000B1 /* CoreNavigation in Frameworks */,
				5F00000000000000000000B2 /* CoreNetworking in Frameworks */,
				5F00000000000000000000B3 /* DesignSystem in Frameworks */,
				5F00000000000000000000B4 /* FeedInterface in Frameworks */,
				5F00000000000000000000B5 /* CoreModels in Frameworks */,
				5F00000000000000000000B6 /* CoreContracts in Frameworks */,
				5F00000000000000000000B7 /* CoreStorage in Frameworks */,
				5F00000000000000000000B8 /* AuthInterface in Frameworks */,
				5F00000000000000000000B9 /* Auth in Frameworks */,
				5F00000000000000000000BA /* CoreNetworkingMocks in Frameworks */,
				5F00000000000000000000BB /* CoreMedia in Frameworks */,
				5F00000000000000000000BC /* Feed in Frameworks */,
				5F00000000000000000000BD /* CoreRealtime in Frameworks */,
				5F00000000000000000000BE /* CoreRealtimeMocks in Frameworks */,
				5F00000000000000000000BF /* UploadInterface in Frameworks */,
				5F00000000000000000000D0 /* Upload in Frameworks */,
				5F00000000000000000000E1 /* ProfileInterface in Frameworks */,
				5F00000000000000000000E2 /* Profile in Frameworks */,
			);
			runOnlyForDeploymentPostprocessing = 0;
		};
/* End PBXFrameworksBuildPhase section */

/* Begin PBXGroup section */
		51A1B7692FFBCAB6005918BC = {
			isa = PBXGroup;
			children = (
				51A1B7742FFBCAB6005918BC /* App */,
				51A1B7732FFBCAB6005918BC /* Products */,
			);
			sourceTree = "<group>";
		};
		51A1B7732FFBCAB6005918BC /* Products */ = {
			isa = PBXGroup;
			children = (
				51A1B7722FFBCAB6005918BC /* core-platform-ios.app */,
			);
			name = Products;
			sourceTree = "<group>";
		};
/* End PBXGroup section */

/* Begin PBXNativeTarget section */
		51A1B7712FFBCAB6005918BC /* core-platform-ios */ = {
			isa = PBXNativeTarget;
			buildConfigurationList = 51A1B7852FFBCAB8005918BC /* Build configuration list for PBXNativeTarget "core-platform-ios" */;
			buildPhases = (
				51A1B76E2FFBCAB6005918BC /* Sources */,
				51A1B76F2FFBCAB6005918BC /* Frameworks */,
				51A1B7702FFBCAB6005918BC /* Resources */,
			);
			buildRules = (
			);
			dependencies = (
			);
			fileSystemSynchronizedGroups = (
				51A1B7742FFBCAB6005918BC /* App */,
			);
			name = "core-platform-ios";
			packageProductDependencies = (
				5F00000000000000000000C1 /* CoreNavigation */,
				5F00000000000000000000C2 /* CoreNetworking */,
				5F00000000000000000000C3 /* DesignSystem */,
				5F00000000000000000000C4 /* FeedInterface */,
				5F00000000000000000000C5 /* CoreModels */,
				5F00000000000000000000C6 /* CoreContracts */,
				5F00000000000000000000C7 /* CoreStorage */,
				5F00000000000000000000C8 /* AuthInterface */,
				5F00000000000000000000C9 /* Auth */,
				5F00000000000000000000CA /* CoreNetworkingMocks */,
				5F00000000000000000000CB /* CoreMedia */,
				5F00000000000000000000CC /* Feed */,
				5F00000000000000000000CD /* CoreRealtime */,
				5F00000000000000000000CE /* CoreRealtimeMocks */,
				5F00000000000000000000CF /* UploadInterface */,
				5F00000000000000000000D1 /* Upload */,
			);
			productName = "core-platform-ios";
			productReference = 51A1B7722FFBCAB6005918BC /* core-platform-ios.app */;
			productType = "com.apple.product-type.application";
		};
/* End PBXNativeTarget section */

/* Begin PBXProject section */
		51A1B76A2FFBCAB6005918BC /* Project object */ = {
			isa = PBXProject;
			attributes = {
				BuildIndependentTargetsInParallel = 1;
				LastSwiftUpdateCheck = 2660;
				LastUpgradeCheck = 2660;
				TargetAttributes = {
					51A1B7712FFBCAB6005918BC = {
						CreatedOnToolsVersion = 26.6;
					};
				};
			};
			buildConfigurationList = 51A1B76D2FFBCAB6005918BC /* Build configuration list for PBXProject "core-platform-ios" */;
			developmentRegion = en;
			hasScannedForEncodings = 0;
			knownRegions = (
				en,
				Base,
			);
			mainGroup = 51A1B7692FFBCAB6005918BC;
			minimizedProjectReferenceProxies = 1;
			packageReferences = (
				5F00000000000000000000A1 /* XCLocalSwiftPackageReference "Packages/Core/CoreNavigation" */,
				5F00000000000000000000A2 /* XCLocalSwiftPackageReference "Packages/Core/CoreNetworking" */,
				5F00000000000000000000A3 /* XCLocalSwiftPackageReference "Packages/Core/DesignSystem" */,
				5F00000000000000000000A4 /* XCLocalSwiftPackageReference "Packages/FeatureInterfaces/FeedInterface" */,
				5F00000000000000000000A5 /* XCLocalSwiftPackageReference "Packages/Kit/CoreModels" */,
				5F00000000000000000000A6 /* XCLocalSwiftPackageReference "Packages/Kit/CoreContracts" */,
				5F00000000000000000000A7 /* XCLocalSwiftPackageReference "Packages/Core/CoreStorage" */,
				5F00000000000000000000A8 /* XCLocalSwiftPackageReference "Packages/FeatureInterfaces/AuthInterface" */,
				5F00000000000000000000A9 /* XCLocalSwiftPackageReference "Packages/Features/Auth" */,
				5F00000000000000000000AA /* XCLocalSwiftPackageReference "Packages/Core/CoreMedia" */,
				5F00000000000000000000AB /* XCLocalSwiftPackageReference "Packages/Features/Feed" */,
				5F00000000000000000000AC /* XCLocalSwiftPackageReference "Packages/Core/CoreRealtime" */,
				5F00000000000000000000AD /* XCLocalSwiftPackageReference "Packages/FeatureInterfaces/UploadInterface" */,
				5F00000000000000000000AE /* XCLocalSwiftPackageReference "Packages/Features/Upload" */,
				5F00000000000000000000AF /* XCLocalSwiftPackageReference "Packages/FeatureInterfaces/ProfileInterface" */,
				5F00000000000000000000B0 /* XCLocalSwiftPackageReference "Packages/Features/Profile" */,
			);
			preferredProjectObjectVersion = 77;
			productRefGroup = 51A1B7732FFBCAB6005918BC /* Products */;
			projectDirPath = "";
			projectRoot = "";
			targets = (
				51A1B7712FFBCAB6005918BC /* core-platform-ios */,
			);
		};
/* End PBXProject section */

/* Begin PBXResourcesBuildPhase section */
		51A1B7702FFBCAB6005918BC /* Resources */ = {
			isa = PBXResourcesBuildPhase;
			buildActionMask = 2147483647;
			files = (
			);
			runOnlyForDeploymentPostprocessing = 0;
		};
/* End PBXResourcesBuildPhase section */

/* Begin PBXSourcesBuildPhase section */
		51A1B76E2FFBCAB6005918BC /* Sources */ = {
			isa = PBXSourcesBuildPhase;
			buildActionMask = 2147483647;
			files = (
			);
			runOnlyForDeploymentPostprocessing = 0;
		};
/* End PBXSourcesBuildPhase section */

/* Begin XCBuildConfiguration section */
		51A1B7862FFBCAB8005918BC /* Debug */ = {
			isa = XCBuildConfiguration;
			buildSettings = {
				ASSETCATALOG_COMPILER_APPICON_NAME = AppIcon;
				ASSETCATALOG_COMPILER_GLOBAL_ACCENT_COLOR_NAME = AccentColor;
				CODE_SIGN_STYLE = Automatic;
				CURRENT_PROJECT_VERSION = 1;
				GENERATE_INFOPLIST_FILE = YES;
				INFOPLIST_FILE = App/Info.plist;
				INFOPLIST_KEY_UIApplicationSupportsIndirectInputEvents = YES;
				INFOPLIST_KEY_UILaunchStoryboardName = LaunchScreen;
				INFOPLIST_KEY_UISupportedInterfaceOrientations_iPad = "UIInterfaceOrientationPortrait UIInterfaceOrientationPortraitUpsideDown UIInterfaceOrientationLandscapeLeft UIInterfaceOrientationLandscapeRight";
				INFOPLIST_KEY_UISupportedInterfaceOrientations_iPhone = "UIInterfaceOrientationPortrait UIInterfaceOrientationLandscapeLeft UIInterfaceOrientationLandscapeRight";
				LD_RUNPATH_SEARCH_PATHS = (
					"$(inherited)",
					"@executable_path/Frameworks",
				);
				MARKETING_VERSION = 1.0;
				PRODUCT_BUNDLE_IDENTIFIER = "cn.wynn.core-platform-ios";
				PRODUCT_NAME = "$(TARGET_NAME)";
				STRING_CATALOG_GENERATE_SYMBOLS = YES;
				SWIFT_APPROACHABLE_CONCURRENCY = YES;
				SWIFT_DEFAULT_ACTOR_ISOLATION = MainActor;
				SWIFT_EMIT_LOC_STRINGS = YES;
				SWIFT_UPCOMING_FEATURE_MEMBER_IMPORT_VISIBILITY = YES;
				SWIFT_VERSION = 6.0;
				TARGETED_DEVICE_FAMILY = "1,2";
			};
			name = Debug;
		};
		51A1B7872FFBCAB8005918BC /* Release */ = {
			isa = XCBuildConfiguration;
			buildSettings = {
				ASSETCATALOG_COMPILER_APPICON_NAME = AppIcon;
				ASSETCATALOG_COMPILER_GLOBAL_ACCENT_COLOR_NAME = AccentColor;
				CODE_SIGN_STYLE = Automatic;
				CURRENT_PROJECT_VERSION = 1;
				GENERATE_INFOPLIST_FILE = YES;
				INFOPLIST_FILE = App/Info.plist;
				INFOPLIST_KEY_UIApplicationSupportsIndirectInputEvents = YES;
				INFOPLIST_KEY_UILaunchStoryboardName = LaunchScreen;
				INFOPLIST_KEY_UISupportedInterfaceOrientations_iPad = "UIInterfaceOrientationPortrait UIInterfaceOrientationPortraitUpsideDown UIInterfaceOrientationLandscapeLeft UIInterfaceOrientationLandscapeRight";
				INFOPLIST_KEY_UISupportedInterfaceOrientations_iPhone = "UIInterfaceOrientationPortrait UIInterfaceOrientationLandscapeLeft UIInterfaceOrientationLandscapeRight";
				LD_RUNPATH_SEARCH_PATHS = (
					"$(inherited)",
					"@executable_path/Frameworks",
				);
				MARKETING_VERSION = 1.0;
				PRODUCT_BUNDLE_IDENTIFIER = "cn.wynn.core-platform-ios";
				PRODUCT_NAME = "$(TARGET_NAME)";
				STRING_CATALOG_GENERATE_SYMBOLS = YES;
				SWIFT_APPROACHABLE_CONCURRENCY = YES;
				SWIFT_DEFAULT_ACTOR_ISOLATION = MainActor;
				SWIFT_EMIT_LOC_STRINGS = YES;
				SWIFT_UPCOMING_FEATURE_MEMBER_IMPORT_VISIBILITY = YES;
				SWIFT_VERSION = 6.0;
				TARGETED_DEVICE_FAMILY = "1,2";
			};
			name = Release;
		};
		51A1B7882FFBCAB8005918BC /* Debug */ = {
			isa = XCBuildConfiguration;
			buildSettings = {
				ALWAYS_SEARCH_USER_PATHS = NO;
				ASSETCATALOG_COMPILER_GENERATE_SWIFT_ASSET_SYMBOL_EXTENSIONS = YES;
				CLANG_ANALYZER_NONNULL = YES;
				CLANG_ANALYZER_NUMBER_OBJECT_CONVERSION = YES_AGGRESSIVE;
				CLANG_CXX_LANGUAGE_STANDARD = "gnu++20";
				CLANG_ENABLE_MODULES = YES;
				CLANG_ENABLE_OBJC_ARC = YES;
				CLANG_ENABLE_OBJC_WEAK = YES;
				CLANG_WARN_BLOCK_CAPTURE_AUTORELEASING = YES;
				CLANG_WARN_BOOL_CONVERSION = YES;
				CLANG_WARN_COMMA = YES;
				CLANG_WARN_CONSTANT_CONVERSION = YES;
				CLANG_WARN_DEPRECATED_OBJC_IMPLEMENTATIONS = YES;
				CLANG_WARN_DIRECT_OBJC_ISA_USAGE = YES_ERROR;
				CLANG_WARN_DOCUMENTATION_COMMENTS = YES;
				CLANG_WARN_EMPTY_BODY = YES;
				CLANG_WARN_ENUM_CONVERSION = YES;
				CLANG_WARN_INFINITE_RECURSION = YES;
				CLANG_WARN_INT_CONVERSION = YES;
				CLANG_WARN_NON_LITERAL_NULL_CONVERSION = YES;
				CLANG_WARN_OBJC_IMPLICIT_RETAIN_SELF = YES;
				CLANG_WARN_OBJC_LITERAL_CONVERSION = YES;
				CLANG_WARN_OBJC_ROOT_CLASS = YES_ERROR;
				CLANG_WARN_QUOTED_INCLUDE_IN_FRAMEWORK_HEADER = YES;
				CLANG_WARN_RANGE_LOOP_ANALYSIS = YES;
				CLANG_WARN_STRICT_PROTOTYPES = YES;
				CLANG_WARN_SUSPICIOUS_MOVE = YES;
				CLANG_WARN_UNGUARDED_AVAILABILITY = YES_AGGRESSIVE;
				CLANG_WARN_UNREACHABLE_CODE = YES;
				CLANG_WARN__DUPLICATE_METHOD_MATCH = YES;
				COPY_PHASE_STRIP = NO;
				DEBUG_INFORMATION_FORMAT = dwarf;
				ENABLE_STRICT_OBJC_MSGSEND = YES;
				ENABLE_TESTABILITY = YES;
				ENABLE_USER_SCRIPT_SANDBOXING = YES;
				GCC_C_LANGUAGE_STANDARD = gnu17;
				GCC_DYNAMIC_NO_PIC = NO;
				GCC_NO_COMMON_BLOCKS = YES;
				GCC_OPTIMIZATION_LEVEL = 0;
				GCC_PREPROCESSOR_DEFINITIONS = (
					"DEBUG=1",
					"$(inherited)",
				);
				GCC_WARN_64_TO_32_BIT_CONVERSION = YES;
				GCC_WARN_ABOUT_RETURN_TYPE = YES_ERROR;
				GCC_WARN_UNDECLARED_SELECTOR = YES;
				GCC_WARN_UNINITIALIZED_AUTOS = YES_AGGRESSIVE;
				GCC_WARN_UNUSED_FUNCTION = YES;
				GCC_WARN_UNUSED_VARIABLE = YES;
				IPHONEOS_DEPLOYMENT_TARGET = 26.5;
				LOCALIZATION_PREFERS_STRING_CATALOGS = YES;
				MTL_ENABLE_DEBUG_INFO = INCLUDE_SOURCE;
				MTL_FAST_MATH = YES;
				ONLY_ACTIVE_ARCH = YES;
				SDKROOT = iphoneos;
				SWIFT_ACTIVE_COMPILATION_CONDITIONS = "DEBUG $(inherited)";
				SWIFT_OPTIMIZATION_LEVEL = "-Onone";
			};
			name = Debug;
		};
		51A1B7892FFBCAB8005918BC /* Release */ = {
			isa = XCBuildConfiguration;
			buildSettings = {
				ALWAYS_SEARCH_USER_PATHS = NO;
				ASSETCATALOG_COMPILER_GENERATE_SWIFT_ASSET_SYMBOL_EXTENSIONS = YES;
				CLANG_ANALYZER_NONNULL = YES;
				CLANG_ANALYZER_NUMBER_OBJECT_CONVERSION = YES_AGGRESSIVE;
				CLANG_CXX_LANGUAGE_STANDARD = "gnu++20";
				CLANG_ENABLE_MODULES = YES;
				CLANG_ENABLE_OBJC_ARC = YES;
				CLANG_ENABLE_OBJC_WEAK = YES;
				CLANG_WARN_BLOCK_CAPTURE_AUTORELEASING = YES;
				CLANG_WARN_BOOL_CONVERSION = YES;
				CLANG_WARN_COMMA = YES;
				CLANG_WARN_CONSTANT_CONVERSION = YES;
				CLANG_WARN_DEPRECATED_OBJC_IMPLEMENTATIONS = YES;
				CLANG_WARN_DIRECT_OBJC_ISA_USAGE = YES_ERROR;
				CLANG_WARN_DOCUMENTATION_COMMENTS = YES;
				CLANG_WARN_EMPTY_BODY = YES;
				CLANG_WARN_ENUM_CONVERSION = YES;
				CLANG_WARN_INFINITE_RECURSION = YES;
				CLANG_WARN_INT_CONVERSION = YES;
				CLANG_WARN_NON_LITERAL_NULL_CONVERSION = YES;
				CLANG_WARN_OBJC_IMPLICIT_RETAIN_SELF = YES;
				CLANG_WARN_OBJC_LITERAL_CONVERSION = YES;
				CLANG_WARN_OBJC_ROOT_CLASS = YES_ERROR;
				CLANG_WARN_QUOTED_INCLUDE_IN_FRAMEWORK_HEADER = YES;
				CLANG_WARN_RANGE_LOOP_ANALYSIS = YES;
				CLANG_WARN_STRICT_PROTOTYPES = YES;
				CLANG_WARN_SUSPICIOUS_MOVE = YES;
				CLANG_WARN_UNGUARDED_AVAILABILITY = YES_AGGRESSIVE;
				CLANG_WARN_UNREACHABLE_CODE = YES;
				CLANG_WARN__DUPLICATE_METHOD_MATCH = YES;
				COPY_PHASE_STRIP = NO;
				DEBUG_INFORMATION_FORMAT = "dwarf-with-dsym";
				ENABLE_NS_ASSERTIONS = NO;
				ENABLE_STRICT_OBJC_MSGSEND = YES;
				ENABLE_USER_SCRIPT_SANDBOXING = YES;
				GCC_C_LANGUAGE_STANDARD = gnu17;
				GCC_NO_COMMON_BLOCKS = YES;
				GCC_WARN_64_TO_32_BIT_CONVERSION = YES;
				GCC_WARN_ABOUT_RETURN_TYPE = YES_ERROR;
				GCC_WARN_UNDECLARED_SELECTOR = YES;
				GCC_WARN_UNINITIALIZED_AUTOS = YES_AGGRESSIVE;
				GCC_WARN_UNUSED_FUNCTION = YES;
				GCC_WARN_UNUSED_VARIABLE = YES;
				IPHONEOS_DEPLOYMENT_TARGET = 26.5;
				LOCALIZATION_PREFERS_STRING_CATALOGS = YES;
				MTL_ENABLE_DEBUG_INFO = NO;
				MTL_FAST_MATH = YES;
				SDKROOT = iphoneos;
				SWIFT_COMPILATION_MODE = wholemodule;
				VALIDATE_PRODUCT = YES;
			};
			name = Release;
		};
/* End XCBuildConfiguration section */

/* Begin XCConfigurationList section */
		51A1B76D2FFBCAB6005918BC /* Build configuration list for PBXProject "core-platform-ios" */ = {
			isa = XCConfigurationList;
			buildConfigurations = (
				51A1B7882FFBCAB8005918BC /* Debug */,
				51A1B7892FFBCAB8005918BC /* Release */,
			);
			defaultConfigurationIsVisible = 0;
			defaultConfigurationName = Release;
		};
		51A1B7852FFBCAB8005918BC /* Build configuration list for PBXNativeTarget "core-platform-ios" */ = {
			isa = XCConfigurationList;
			buildConfigurations = (
				51A1B7862FFBCAB8005918BC /* Debug */,
				51A1B7872FFBCAB8005918BC /* Release */,
			);
			defaultConfigurationIsVisible = 0;
			defaultConfigurationName = Release;
		};
/* End XCConfigurationList section */

/* Begin XCLocalSwiftPackageReference section */
		5F00000000000000000000A1 /* XCLocalSwiftPackageReference "Packages/Core/CoreNavigation" */ = {
			isa = XCLocalSwiftPackageReference;
			relativePath = Packages/Core/CoreNavigation;
		};
		5F00000000000000000000A2 /* XCLocalSwiftPackageReference "Packages/Core/CoreNetworking" */ = {
			isa = XCLocalSwiftPackageReference;
			relativePath = Packages/Core/CoreNetworking;
		};
		5F00000000000000000000A3 /* XCLocalSwiftPackageReference "Packages/Core/DesignSystem" */ = {
			isa = XCLocalSwiftPackageReference;
			relativePath = Packages/Core/DesignSystem;
		};
		5F00000000000000000000A4 /* XCLocalSwiftPackageReference "Packages/FeatureInterfaces/FeedInterface" */ = {
			isa = XCLocalSwiftPackageReference;
			relativePath = Packages/FeatureInterfaces/FeedInterface;
		};
		5F00000000000000000000A5 /* XCLocalSwiftPackageReference "Packages/Kit/CoreModels" */ = {
			isa = XCLocalSwiftPackageReference;
			relativePath = Packages/Kit/CoreModels;
		};
		5F00000000000000000000A6 /* XCLocalSwiftPackageReference "Packages/Kit/CoreContracts" */ = {
			isa = XCLocalSwiftPackageReference;
			relativePath = Packages/Kit/CoreContracts;
		};
		5F00000000000000000000A7 /* XCLocalSwiftPackageReference "Packages/Core/CoreStorage" */ = {
			isa = XCLocalSwiftPackageReference;
			relativePath = Packages/Core/CoreStorage;
		};
		5F00000000000000000000A8 /* XCLocalSwiftPackageReference "Packages/FeatureInterfaces/AuthInterface" */ = {
			isa = XCLocalSwiftPackageReference;
			relativePath = Packages/FeatureInterfaces/AuthInterface;
		};
		5F00000000000000000000A9 /* XCLocalSwiftPackageReference "Packages/Features/Auth" */ = {
			isa = XCLocalSwiftPackageReference;
			relativePath = Packages/Features/Auth;
		};
		5F00000000000000000000AA /* XCLocalSwiftPackageReference "Packages/Core/CoreMedia" */ = {
			isa = XCLocalSwiftPackageReference;
			relativePath = Packages/Core/CoreMedia;
		};
		5F00000000000000000000AB /* XCLocalSwiftPackageReference "Packages/Features/Feed" */ = {
			isa = XCLocalSwiftPackageReference;
			relativePath = Packages/Features/Feed;
		};
		5F00000000000000000000AC /* XCLocalSwiftPackageReference "Packages/Core/CoreRealtime" */ = {
			isa = XCLocalSwiftPackageReference;
			relativePath = Packages/Core/CoreRealtime;
		};
		5F00000000000000000000AD /* XCLocalSwiftPackageReference "Packages/FeatureInterfaces/UploadInterface" */ = {
			isa = XCLocalSwiftPackageReference;
			relativePath = Packages/FeatureInterfaces/UploadInterface;
		};
		5F00000000000000000000AE /* XCLocalSwiftPackageReference "Packages/Features/Upload" */ = {
			isa = XCLocalSwiftPackageReference;
			relativePath = Packages/Features/Upload;
		};
		5F00000000000000000000AF /* XCLocalSwiftPackageReference "Packages/FeatureInterfaces/ProfileInterface" */ = {
			isa = XCLocalSwiftPackageReference;
			relativePath = Packages/FeatureInterfaces/ProfileInterface;
		};
		5F00000000000000000000B0 /* XCLocalSwiftPackageReference "Packages/Features/Profile" */ = {
			isa = XCLocalSwiftPackageReference;
			relativePath = Packages/Features/Profile;
		};
/* End XCLocalSwiftPackageReference section */

/* Begin XCSwiftPackageProductDependency section */
		5F00000000000000000000C1 /* CoreNavigation */ = {
			isa = XCSwiftPackageProductDependency;
			productName = CoreNavigation;
		};
		5F00000000000000000000C2 /* CoreNetworking */ = {
			isa = XCSwiftPackageProductDependency;
			productName = CoreNetworking;
		};
		5F00000000000000000000C3 /* DesignSystem */ = {
			isa = XCSwiftPackageProductDependency;
			productName = DesignSystem;
		};
		5F00000000000000000000C4 /* FeedInterface */ = {
			isa = XCSwiftPackageProductDependency;
			productName = FeedInterface;
		};
		5F00000000000000000000C5 /* CoreModels */ = {
			isa = XCSwiftPackageProductDependency;
			productName = CoreModels;
		};
		5F00000000000000000000C6 /* CoreContracts */ = {
			isa = XCSwiftPackageProductDependency;
			productName = CoreContracts;
		};
		5F00000000000000000000C7 /* CoreStorage */ = {
			isa = XCSwiftPackageProductDependency;
			productName = CoreStorage;
		};
		5F00000000000000000000C8 /* AuthInterface */ = {
			isa = XCSwiftPackageProductDependency;
			productName = AuthInterface;
		};
		5F00000000000000000000C9 /* Auth */ = {
			isa = XCSwiftPackageProductDependency;
			productName = Auth;
		};
		5F00000000000000000000CA /* CoreNetworkingMocks */ = {
			isa = XCSwiftPackageProductDependency;
			productName = CoreNetworkingMocks;
		};
		5F00000000000000000000CB /* CoreMedia */ = {
			isa = XCSwiftPackageProductDependency;
			productName = CoreMedia;
		};
		5F00000000000000000000CC /* Feed */ = {
			isa = XCSwiftPackageProductDependency;
			productName = Feed;
		};
		5F00000000000000000000CD /* CoreRealtime */ = {
			isa = XCSwiftPackageProductDependency;
			productName = CoreRealtime;
		};
		5F00000000000000000000CE /* CoreRealtimeMocks */ = {
			isa = XCSwiftPackageProductDependency;
			productName = CoreRealtimeMocks;
		};
		5F00000000000000000000CF /* UploadInterface */ = {
			isa = XCSwiftPackageProductDependency;
			productName = UploadInterface;
		};
		5F00000000000000000000D1 /* Upload */ = {
			isa = XCSwiftPackageProductDependency;
			productName = Upload;
		};
		5F00000000000000000000E3 /* ProfileInterface */ = {
			isa = XCSwiftPackageProductDependency;
			productName = ProfileInterface;
		};
		5F00000000000000000000E4 /* Profile */ = {
			isa = XCSwiftPackageProductDependency;
			productName = Profile;
		};
/* End XCSwiftPackageProductDependency section */
	};
	rootObject = 51A1B76A2FFBCAB6005918BC /* Project object */;
}
